
Microsoft Visual Studio Solution File, Format Version 12.00
# Visual Studio 2013
VisualStudioVersion = 12.0.21005.1
MinimumVisualStudioVersion = 10.0.40219.1
Project("{FAE04EC0-301F-11D3-BF4B-00C04F79EFBC}") = "Leox.Aop", "Leox.Aop\Leox.Aop.csproj", "{C609973D-1D1A-4641-B414-F59A7AAF9E9B}"
EndProject
Project("{FAE04EC0-301F-11D3-BF4B-00C04F79EFBC}") = "Leox.Injector", "Leox.Injector\Leox.Injector.csproj", "{BF7CF41F-0C2C-4C76-800E-7EA494EDC850}"
EndProject
Project("{FAE04EC0-301F-11D3-BF4B-00C04F79EFBC}") = "Leox.BuildTask", "Leox.BuildTask\Leox.BuildTask.csproj", "{D23F9718-2FAB-4B76-ABD7-761591DF35F5}"
EndProject
Project("{FAE04EC0-301F-11D3-BF4B-00C04F79EFBC}") = "Leox.AopBuildTest", "Leox.AopBuildTest\Leox.AopBuildTest.csproj", "{DAB92C37-C9CE-4043-AE05-7EE04EC235C9}"
EndProject
Global
	GlobalSection(SolutionConfigurationPlatforms) = preSolution
		Debug|Any CPU = Debug|Any CPU
		Release|Any CPU = Release|Any CPU
	EndGlobalSection
	GlobalSection(ProjectConfigurationPlatforms) = postSolution
		{C609973D-1D1A-4641-B414-F59A7AAF9E9B}.Debug|Any CPU.ActiveCfg = Debug|Any CPU
		{C609973D-1D1A-4641-B414-F59A7AAF9E9B}.Debug|Any CPU.Build.0 = Debug|Any CPU
		{C609973D-1D1A-4641-B414-F59A7AAF9E9B}.Release|Any CPU.ActiveCfg = Release|Any CPU
		{C609973D-1D1A-4641-B414-F59A7AAF9E9B}.Release|Any CPU.Build.0 = Release|Any CPU
		{BF7CF41F-0C2C-4C76-800E-7EA494EDC850}.Debug|Any CPU.ActiveCfg = Debug|Any CPU
		{BF7CF41F-0C2C-4C76-800E-7EA494EDC850}.Debug|Any CPU.Build.0 = Debug|Any CPU
		{BF7CF41F-0C2C-4C76-800E-7EA494EDC850}.Release|Any CPU.ActiveCfg = Release|Any CPU
		{BF7CF41F-0C2C-4C76-800E-7EA494EDC850}.Release|Any CPU.Build.0 = Release|Any CPU
		{D23F9718-2FAB-4B76-ABD7-761591DF35F5}.Debug|Any CPU.ActiveCfg = Debug|Any CPU
		{D23F9718-2FAB-4B76-ABD7-761591DF35F5}.Debug|Any CPU.Build.0 = Debug|Any CPU
		{D23F9718-2FAB-4B76-ABD7-761591DF35F5}.Release|Any CPU.ActiveCfg = Release|Any CPU
		{D23F9718-2FAB-4B76-ABD7-761591DF35F5}.Release|Any CPU.Build.0 = Release|Any CPU
		{DAB92C37-C9CE-4043-AE05-7EE04EC235C9}.Debug|Any CPU.ActiveCfg = Debug|Any CPU
		{DAB92C37-C9CE-4043-AE05-7EE04EC235C9}.Debug|Any CPU.Build.0 = Debug|Any CPU
		{DAB92C37-C9CE-4043-AE05-7EE04EC235C9}.Release|Any CPU.ActiveCfg = Release|Any CPU
		{DAB92C37-C9CE-4043-AE05-7EE04EC235C9}.Release|Any CPU.Build.0 = Release|Any CPU
	EndGlobalSection
	GlobalSection(SolutionProperties) = preSolution
		HideSolutionNode = FALSE
	EndGlobalSection
EndGlobal
